<?xml version="1.0" encoding="UTF-8"?>
<CONFIG>
  <ProjectOptions>
    <Version Value="12"/>
    <General>
      <SessionStorage Value="InProjectDir"/>
      <Title Value="VirtuellesAkkordeon"/>
      <Scaled Value="True"/>
      <ResourceType Value="res"/>
      <UseXPManifest Value="True"/>
      <XPManifest>
        <DpiAware Value="True"/>
      </XPManifest>
      <Icon Value="0"/>
    </General>
    <BuildModes>
      <Item Name="Default" Default="True"/>
    </BuildModes>
    <PublishOptions>
      <Version Value="2"/>
      <UseFileFilters Value="True"/>
    </PublishOptions>
    <RunParams>
      <FormatVersion Value="2"/>
    </RunParams>
    <RequiredPackages>
      <Item>
        <PackageName Value="LCL"/>
      </Item>
    </RequiredPackages>
    <Units>
      <Unit>
        <Filename Value="VirtuellesAkkordeon.lpr"/>
        <IsPartOfProject Value="True"/>
      </Unit>
      <Unit>
        <Filename Value="uampel.pas"/>
        <IsPartOfProject Value="True"/>
        <ComponentName Value="Ampel"/>
        <HasResources Value="True"/>
        <ResourceBaseClass Value="Form"/>
        <UnitName Value="UAmpel"/>
      </Unit>
      <Unit>
        <Filename Value="uakkordeon.pas"/>
        <IsPartOfProject Value="True"/>
        <ComponentName Value="Akkordeon"/>
        <HasResources Value="True"/>
        <ResourceBaseClass Value="Form"/>
        <UnitName Value="UAkkordeon"/>
      </Unit>
      <Unit>
        <Filename Value="rtmidi.pas"/>
        <IsPartOfProject Value="True"/>
        <UnitName Value="RtMidi"/>
      </Unit>
      <Unit>
        <Filename Value="umidi.pas"/>
        <IsPartOfProject Value="True"/>
        <UnitName Value="UMidi"/>
      </Unit>
      <Unit>
        <Filename Value="urtmidi.pas"/>
        <IsPartOfProject Value="True"/>
        <UnitName Value="Urtmidi"/>
      </Unit>
      <Unit>
        <Filename Value="UFormHelper.pas"/>
        <IsPartOfProject Value="True"/>
      </Unit>
    </Units>
  </ProjectOptions>
  <CompilerOptions>
    <Version Value="11"/>
    <Target>
      <Filename Value="VirtuellesAkkordeon"/>
    </Target>
    <SearchPaths>
      <IncludeFiles Value="$(ProjOutDir)"/>
      <UnitOutputDirectory Value="lib/$(TargetCPU)-$(TargetOS)"/>
    </SearchPaths>
    <Linking>
      <Debugging>
        <DebugInfoType Value="dsDwarf3"/>
      </Debugging>
      <Options>
        <Win32>
          <GraphicApplication Value="True"/>
        </Win32>
      </Options>
    </Linking>
  </CompilerOptions>
  <Debugging>
    <Exceptions>
      <Item>
        <Name Value="EAbort"/>
      </Item>
      <Item>
        <Name Value="ECodetoolError"/>
      </Item>
      <Item>
        <Name Value="EFOpenError"/>
      </Item>
      <Item>
        <Name Value="EReadError"/>
      </Item>
    </Exceptions>
  </Debugging>
</CONFIG>
